<?xml version="1.0" encoding="utf-8"?>
<Project ToolsVersion="4.0" xmlns="http://schemas.microsoft.com/developer/msbuild/2003">
  <ItemGroup>
    <Filter Include="源文件">
      <UniqueIdentifier>{4FC737F1-C7A5-4376-A066-2A32D752A2FF}</UniqueIdentifier>
      <Extensions>cpp;c;cc;cxx;def;odl;idl;hpj;bat;asm;asmx</Extensions>
    </Filter>
    <Filter Include="头文件">
      <UniqueIdentifier>{93995380-89BD-4b04-88EB-625FBE52EBFB}</UniqueIdentifier>
      <Extensions>h;hh;hpp;hxx;hm;inl;inc;xsd</Extensions>
    </Filter>
    <Filter Include="资源文件">
      <UniqueIdentifier>{67DA6AB6-F800-4c08-8B7A-83BB121AAD01}</UniqueIdentifier>
      <Extensions>rc;ico;cur;bmp;dlg;rc2;rct;bin;rgs;gif;jpg;jpeg;jpe;resx;tiff;tif;png;wav;mfcribbon-ms</Extensions>
    </Filter>
    <Filter Include="Engine">
      <UniqueIdentifier>{6f9aab31-1ce3-4eab-99fe-a7db59d87211}</UniqueIdentifier>
    </Filter>
  </ItemGroup>
  <ItemGroup>
    <ClCompile Include="main.cpp">
      <Filter>源文件</Filter>
    </ClCompile>
    <ClCompile Include="D3DApp.cpp">
      <Filter>源文件</Filter>
    </ClCompile>
    <ClCompile Include="AppDelegate.cpp">
      <Filter>源文件</Filter>
    </ClCompile>
    <ClCompile Include="Engine\Texure.cpp">
      <Filter>Engine</Filter>
    </ClCompile>
    <ClCompile Include="Engine\WNode.cpp">
      <Filter>Engine</Filter>
    </ClCompile>
    <ClCompile Include="Engine\Camera.cpp">
      <Filter>Engine</Filter>
    </ClCompile>
    <ClCompile Include="Engine\Terrain.cpp">
      <Filter>Engine</Filter>
    </ClCompile>
    <ClCompile Include="Engine\Effects.cpp">
      <Filter>Engine</Filter>
    </ClCompile>
    <ClCompile Include="Engine\D3DBase.cpp">
      <Filter>Engine</Filter>
    </ClCompile>
    <ClCompile Include="Engine\LightHelper.cpp">
      <Filter>Engine</Filter>
    </ClCompile>
    <ClCompile Include="Engine\MathHelper.cpp">
      <Filter>Engine</Filter>
    </ClCompile>
    <ClCompile Include="Engine\Vertex.cpp">
      <Filter>Engine</Filter>
    </ClCompile>
    <ClCompile Include="Engine\d3dUtil.cpp">
      <Filter>Engine</Filter>
    </ClCompile>
    <ClCompile Include="TestScene.cpp">
      <Filter>源文件</Filter>
    </ClCompile>
    <ClCompile Include="Engine\Sky.cpp">
      <Filter>Engine</Filter>
    </ClCompile>
    <ClCompile Include="Engine\GeometryGenerator.cpp">
      <Filter>Engine</Filter>
    </ClCompile>
    <ClCompile Include="Engine\RenderStates.cpp">
      <Filter>Engine</Filter>
    </ClCompile>
    <ClCompile Include="Engine\Scene.cpp">
      <Filter>Engine</Filter>
    </ClCompile>
    <ClCompile Include="Engine\GameTimer.cpp">
      <Filter>Engine</Filter>
    </ClCompile>
    <ClCompile Include="TexureScene.cpp">
      <Filter>源文件</Filter>
    </ClCompile>
  </ItemGroup>
  <ItemGroup>
    <ClInclude Include="D3DApp.h">
      <Filter>头文件</Filter>
    </ClInclude>
    <ClInclude Include="AppDelegate.h">
      <Filter>头文件</Filter>
    </ClInclude>
    <ClInclude Include="Engine\Macro.h">
      <Filter>Engine</Filter>
    </ClInclude>
    <ClInclude Include="extend.h">
      <Filter>Engine</Filter>
    </ClInclude>
    <ClInclude Include="Engine\Texure.h">
      <Filter>Engine</Filter>
    </ClInclude>
    <ClInclude Include="Engine\Camera.h">
      <Filter>Engine</Filter>
    </ClInclude>
    <ClInclude Include="Engine\WNode.h">
      <Filter>Engine</Filter>
    </ClInclude>
    <ClInclude Include="Engine\Terrain.h">
      <Filter>Engine</Filter>
    </ClInclude>
    <ClInclude Include="Engine\d3dx11effect.h">
      <Filter>Engine</Filter>
    </ClInclude>
    <ClInclude Include="Engine\Effects.h">
      <Filter>Engine</Filter>
    </ClInclude>
    <ClInclude Include="Engine\D3DBase.h">
      <Filter>Engine</Filter>
    </ClInclude>
    <ClInclude Include="Engine\APPUtil.h">
      <Filter>Engine</Filter>
    </ClInclude>
    <ClInclude Include="Engine\D3DUtil.h">
      <Filter>Engine</Filter>
    </ClInclude>
    <ClInclude Include="Engine\LightHelper.h">
      <Filter>Engine</Filter>
    </ClInclude>
    <ClInclude Include="Engine\MathHelper.h">
      <Filter>Engine</Filter>
    </ClInclude>
    <ClInclude Include="Engine\Vertex.h">
      <Filter>Engine</Filter>
    </ClInclude>
    <ClInclude Include="TestScene.h">
      <Filter>头文件</Filter>
    </ClInclude>
    <ClInclude Include="Engine\Sky.h">
      <Filter>Engine</Filter>
    </ClInclude>
    <ClInclude Include="Engine\GeometryGenerator.h">
      <Filter>Engine</Filter>
    </ClInclude>
    <ClInclude Include="Engine\RenderStates.h">
      <Filter>Engine</Filter>
    </ClInclude>
    <ClInclude Include="Engine\Scene.h">
      <Filter>Engine</Filter>
    </ClInclude>
    <ClInclude Include="Engine\GameTimer.h">
      <Filter>Engine</Filter>
    </ClInclude>
    <ClInclude Include="TexureScene.h">
      <Filter>头文件</Filter>
    </ClInclude>
  </ItemGroup>
</Project>